// !$*UTF8*$!
{
	archiveVersion = 1;
	classes = {
	};
	objectVersion = 50;
	objects = {

/* Begin PBXBuildFile section */
		362DB59825FD11340021AF34 /* AppDelegate.swift in Sources */ = {isa = PBXBuildFile; fileRef = 362DB59725FD11340021AF34 /* AppDelegate.swift */; };
		362DB59A25FD11340021AF34 /* SceneDelegate.swift in Sources */ = {isa = PBXBuildFile; fileRef = 362DB59925FD11340021AF34 /* SceneDelegate.swift */; };
		362DB59C25FD11340021AF34 /* LoginViewController.swift in Sources */ = {isa = PBXBuildFile; fileRef = 362DB59B25FD11340021AF34 /* LoginViewController.swift */; };
		362DB59F25FD11340021AF34 /* Main.storyboard in Resources */ = {isa = PBXBuildFile; fileRef = 362DB59D25FD11340021AF34 /* Main.storyboard */; };
		362DB5A125FD11350021AF34 /* Assets.xcassets in Resources */ = {isa = PBXBuildFile; fileRef = 362DB5A025FD11350021AF34 /* Assets.xcassets */; };
		362DB5A425FD11350021AF34 /* LaunchScreen.storyboard in Resources */ = {isa = PBXBuildFile; fileRef = 362DB5A225FD11350021AF34 /* LaunchScreen.storyboard */; };
		362DB5B025FD20690021AF34 /* Constants.swift in Sources */ = {isa = PBXBuildFile; fileRef = 362DB5AF25FD20690021AF34 /* Constants.swift */; };
		36B35EC625FD496B003487F7 /* ListViewController.swift in Sources */ = {isa = PBXBuildFile; fileRef = 36B35EC525FD496B003487F7 /* ListViewController.swift */; };
/* End PBXBuildFile section */

/* Begin PBXFileReference section */
		362DB59425FD11340021AF34 /* Technical.app */ = {isa = PBXFileReference; explicitFileType = wrapper.application; includeInIndex = 0; path = Technical.app; sourceTree = BUILT_PRODUCTS_DIR; };
		362DB59725FD11340021AF34 /* AppDelegate.swift */ = {isa = PBXFileReference; lastKnownFileType = sourcecode.swift; path = AppDelegate.swift; sourceTree = "<group>"; };
		362DB59925FD11340021AF34 /* SceneDelegate.swift */ = {isa = PBXFileReference; lastKnownFileType = sourcecode.swift; path = SceneDelegate.swift; sourceTree = "<group>"; };
		362DB59B25FD11340021AF34 /* LoginViewController.swift */ = {isa = PBXFileReference; lastKnownFileType = sourcecode.swift; path = LoginViewController.swift; sourceTree = "<group>"; };
		362DB59E25FD11340021AF34 /* Base */ = {isa = PBXFileReference; lastKnownFileType = file.storyboard; name = Base; path = Base.lproj/Main.storyboard; sourceTree = "<group>"; };
		362DB5A025FD11350021AF34 /* Assets.xcassets */ = {isa = PBXFileReference; lastKnownFileType = folder.assetcatalog; path = Assets.xcassets; sourceTree = "<group>"; };
		362DB5A325FD11350021AF34 /* Base */ = {isa = PBXFileReference; lastKnownFileType = file.storyboard; name = Base; path = Base.lproj/LaunchScreen.storyboard; sourceTree = "<group>"; };
		362DB5A525FD11350021AF34 /* Info.plist */ = {isa = PBXFileReference; lastKnownFileType = text.plist.xml; path = Info.plist; sourceTree = "<group>"; };
		362DB5AF25FD20690021AF34 /* Constants.swift */ = {isa = PBXFileReference; lastKnownFileType = sourcecode.swift; path = Constants.swift; sourceTree = "<group>"; };
		36B35EC525FD496B003487F7 /* ListViewController.swift */ = {isa = PBXFileReference; lastKnownFileType = sourcecode.swift; path = ListViewController.swift; sourceTree = "<group>"; };
/* End PBXFileReference section */

/* Begin PBXFrameworksBuildPhase section */
		362DB59125FD11340021AF34 /* Frameworks */ = {
			isa = PBXFrameworksBuildPhase;
			buildActionMask = 2147483647;
			files = (
			);
			runOnlyForDeploymentPostprocessing = 0;
		};
/* End PBXFrameworksBuildPhase section */

/* Begin PBXGroup section */
		362DB58B25FD11340021AF34 = {
			isa = PBXGroup;
			children = (
				362DB59625FD11340021AF34 /* Technical */,
				362DB59525FD11340021AF34 /* Products */,
			);
			sourceTree = "<group>";
		};
		362DB59525FD11340021AF34 /* Products */ = {
			isa = PBXGroup;
			children = (
				362DB59425FD11340021AF34 /* Technical.app */,
			);
			name = Products;
			sourceTree = "<group>";
		};
		362DB59625FD11340021AF34 /* Technical */ = {
			isa = PBXGroup;
			children = (
				362DB5A525FD11350021AF34 /* Info.plist */,
				362DB5AC25FD11700021AF34 /* Application */,
				362DB5AD25FD11AB0021AF34 /* Controller */,
				362DB5AE25FD11CA0021AF34 /* View */,
				362DB5B425FD20870021AF34 /* Resources */,
				362DB5B625FD20A60021AF34 /* Supporting Files */,
			);
			path = Technical;
			sourceTree = "<group>";
		};
		362DB5AC25FD11700021AF34 /* Application */ = {
			isa = PBXGroup;
			children = (
				362DB59925FD11340021AF34 /* SceneDelegate.swift */,
				362DB59725FD11340021AF34 /* AppDelegate.swift */,
			);
			path = Application;
			sourceTree = "<group>";
		};
		362DB5AD25FD11AB0021AF34 /* Controller */ = {
			isa = PBXGroup;
			children = (
				362DB59B25FD11340021AF34 /* LoginViewController.swift */,
				36B35EC525FD496B003487F7 /* ListViewController.swift */,
			);
			path = Controller;
			sourceTree = "<group>";
		};
		362DB5AE25FD11CA0021AF34 /* View */ = {
			isa = PBXGroup;
			children = (
				362DB5A225FD11350021AF34 /* LaunchScreen.storyboard */,
				362DB59D25FD11340021AF34 /* Main.storyboard */,
			);
			path = View;
			sourceTree = "<group>";
		};
		362DB5B425FD20870021AF34 /* Resources */ = {
			isa = PBXGroup;
			children = (
				362DB5A025FD11350021AF34 /* Assets.xcassets */,
				362DB5AF25FD20690021AF34 /* Constants.swift */,
			);
			path = Resources;
			sourceTree = "<group>";
		};
		362DB5B625FD20A60021AF34 /* Supporting Files */ = {
			isa = PBXGroup;
			children = (
			);
			path = "Supporting Files";
			sourceTree = "<group>";
		};
/* End PBXGroup section */

/* Begin PBXNativeTarget section */
		362DB59325FD11340021AF34 /* Technical */ = {
			isa = PBXNativeTarget;
			buildConfigurationList = 362DB5A825FD11350021AF34 /* Build configuration list for PBXNativeTarget "Technical" */;
			buildPhases = (
				362DB59025FD11340021AF34 /* Sources */,
				362DB59125FD11340021AF34 /* Frameworks */,
				362DB59225FD11340021AF34 /* Resources */,
			);
			buildRules = (
			);
			dependencies = (
			);
			name = Technical;
			productName = Technical;
			productReference = 362DB59425FD11340021AF34 /* Technical.app */;
			productType = "com.apple.product-type.application";
		};
/* End PBXNativeTarget section */

/* Begin PBXProject section */
		362DB58C25FD11340021AF34 /* Project object */ = {
			isa = PBXProject;
			attributes = {
				LastSwiftUpdateCheck = 1240;
				LastUpgradeCheck = 1240;
				TargetAttributes = {
					362DB59325FD11340021AF34 = {
						CreatedOnToolsVersion = 12.4;
					};
				};
			};
			buildConfigurationList = 362DB58F25FD11340021AF34 /* Build configuration list for PBXProject "Technical" */;
			compatibilityVersion = "Xcode 9.3";
			developmentRegion = en;
			hasScannedForEncodings = 0;
			knownRegions = (
				en,
				Base,
			);
			mainGroup = 362DB58B25FD11340021AF34;
			productRefGroup = 362DB59525FD11340021AF34 /* Products */;
			projectDirPath = "";
			projectRoot = "";
			targets = (
				362DB59325FD11340021AF34 /* Technical */,
			);
		};
/* End PBXProject section */

/* Begin PBXResourcesBuildPhase section */
		362DB59225FD11340021AF34 /* Resources */ = {
			isa = PBXResourcesBuildPhase;
			buildActionMask = 2147483647;
			files = (
				362DB5A425FD11350021AF34 /* LaunchScreen.storyboard in Resources */,
				362DB5A125FD11350021AF34 /* Assets.xcassets in Resources */,
				362DB59F25FD11340021AF34 /* Main.storyboard in Resources */,
			);
			runOnlyForDeploymentPostprocessing = 0;
		};
/* End PBXResourcesBuildPhase section */

/* Begin PBXSourcesBuildPhase section */
		362DB59025FD11340021AF34 /* Sources */ = {
			isa = PBXSourcesBuildPhase;
			buildActionMask = 2147483647;
			files = (
				362DB59C25FD11340021AF34 /* LoginViewController.swift in Sources */,
				362DB59825FD11340021AF34 /* AppDelegate.swift in Sources */,
				362DB59A25FD11340021AF34 /* SceneDelegate.swift in Sources */,
				36B35EC625FD496B003487F7 /* ListViewController.swift in Sources */,
				362DB5B025FD20690021AF34 /* Constants.swift in Sources */,
			);
			runOnlyForDeploymentPostprocessing = 0;
		};
/* End PBXSourcesBuildPhase section */

/* Begin PBXVariantGroup section */
		362DB59D25FD11340021AF34 /* Main.storyboard */ = {
			isa = PBXVariantGroup;
			children = (
				362DB59E25FD11340021AF34 /* Base */,
			);
			name = Main.storyboard;
			sourceTree = "<group>";
		};
		362DB5A225FD11350021AF34 /* LaunchScreen.storyboard */ = {
			isa = PBXVariantGroup;
			children = (
				362DB5A325FD11350021AF34 /* Base */,
			);
			name = LaunchScreen.storyboard;
			sourceTree = "<group>";
		};
/* End PBXVariantGroup section */

/* Begin XCBuildConfiguration section */
		362DB5A625FD11350021AF34 /* Debug */ = {
			isa = XCBuildConfiguration;
			buildSettings = {
				ALWAYS_SEARCH_USER_PATHS = NO;
				CLANG_ANALYZER_NONNULL = YES;
				CLANG_ANALYZER_NUMBER_OBJECT_CONVERSION = YES_AGGRESSIVE;
				CLANG_CXX_LANGUAGE_STANDARD = "gnu++14";
				CLANG_CXX_LIBRARY = "libc++";
				CLANG_ENABLE_MODULES = YES;
				CLANG_ENABLE_OBJC_ARC = YES;
				CLANG_ENABLE_OBJC_WEAK = YES;
				CLANG_WARN_BLOCK_CAPTURE_AUTORELEASING = YES;
				CLANG_WARN_BOOL_CONVERSION = YES;
				CLANG_WARN_COMMA = YES;
				CLANG_WARN_CONSTANT_CONVERSION = YES;
				CLANG_WARN_DEPRECATED_OBJC_IMPLEMENTATIONS = YES;
				CLANG_WARN_DIRECT_OBJC_ISA_USAGE = YES_ERROR;
				CLANG_WARN_DOCUMENTATION_COMMENTS = YES;
				CLANG_WARN_EMPTY_BODY = YES;
				CLANG_WARN_ENUM_CONVERSION = YES;
				CLANG_WARN_INFINITE_RECURSION = YES;
				CLANG_WARN_INT_CONVERSION = YES;
				CLANG_WARN_NON_LITERAL_NULL_CONVERSION = YES;
				CLANG_WARN_OBJC_IMPLICIT_RETAIN_SELF = YES;
				CLANG_WARN_OBJC_LITERAL_CONVERSION = YES;
				CLANG_WARN_OBJC_ROOT_CLASS = YES_ERROR;
				CLANG_WARN_QUOTED_INCLUDE_IN_FRAMEWORK_HEADER = YES;
				CLANG_WARN_RANGE_LOOP_ANALYSIS = YES;
				CLANG_WARN_STRICT_PROTOTYPES = YES;
				CLANG_WARN_SUSPICIOUS_MOVE = YES;
				CLANG_WARN_UNGUARDED_AVAILABILITY = YES_AGGRESSIVE;
				CLANG_WARN_UNREACHABLE_CODE = YES;
				CLANG_WARN__DUPLICATE_METHOD_MATCH = YES;
				COPY_PHASE_STRIP = NO;
				DEBUG_INFORMATION_FORMAT = dwarf;
				ENABLE_STRICT_OBJC_MSGSEND = YES;
				ENABLE_TESTABILITY = YES;
				GCC_C_LANGUAGE_STANDARD = gnu11;
				GCC_DYNAMIC_NO_PIC = NO;
				GCC_NO_COMMON_BLOCKS = YES;
				GCC_OPTIMIZATION_LEVEL = 0;
				GCC_PREPROCESSOR_DEFINITIONS = (
					"DEBUG=1",
					"$(inherited)",
				);
				GCC_WARN_64_TO_32_BIT_CONVERSION = YES;
				GCC_WARN_ABOUT_RETURN_TYPE = YES_ERROR;
				GCC_WARN_UNDECLARED_SELECTOR = YES;
				GCC_WARN_UNINITIALIZED_AUTOS = YES_AGGRESSIVE;
				GCC_WARN_UNUSED_FUNCTION = YES;
				GCC_WARN_UNUSED_VARIABLE = YES;
				IPHONEOS_DEPLOYMENT_TARGET = 14.4;
				MTL_ENABLE_DEBUG_INFO = INCLUDE_SOURCE;
				MTL_FAST_MATH = YES;
				ONLY_ACTIVE_ARCH = YES;
				SDKROOT = iphoneos;
				SWIFT_ACTIVE_COMPILATION_CONDITIONS = DEBUG;
				SWIFT_OPTIMIZATION_LEVEL = "-Onone";
			};
			name = Debug;
		};
		362DB5A725FD11350021AF34 /* Release */ = {
			isa = XCBuildConfiguration;
			buildSettings = {
				ALWAYS_SEARCH_USER_PATHS = NO;
				CLANG_ANALYZER_NONNULL = YES;
				CLANG_ANALYZER_NUMBER_OBJECT_CONVERSION = YES_AGGRESSIVE;
				CLANG_CXX_LANGUAGE_STANDARD = "gnu++14";
				CLANG_CXX_LIBRARY = "libc++";
				CLANG_ENABLE_MODULES = YES;
				CLANG_ENABLE_OBJC_ARC = YES;
				CLANG_ENABLE_OBJC_WEAK = YES;
				CLANG_WARN_BLOCK_CAPTURE_AUTORELEASING = YES;
				CLANG_WARN_BOOL_CONVERSION = YES;
				CLANG_WARN_COMMA = YES;
				CLANG_WARN_CONSTANT_CONVERSION = YES;
				CLANG_WARN_DEPRECATED_OBJC_IMPLEMENTATIONS = YES;
				CLANG_WARN_DIRECT_OBJC_ISA_USAGE = YES_ERROR;
				CLANG_WARN_DOCUMENTATION_COMMENTS = YES;
				CLANG_WARN_EMPTY_BODY = YES;
				CLANG_WARN_ENUM_CONVERSION = YES;
				CLANG_WARN_INFINITE_RECURSION = YES;
				CLANG_WARN_INT_CONVERSION = YES;
				CLANG_WARN_NON_LITERAL_NULL_CONVERSION = YES;
				CLANG_WARN_OBJC_IMPLICIT_RETAIN_SELF = YES;
				CLANG_WARN_OBJC_LITERAL_CONVERSION = YES;
				CLANG_WARN_OBJC_ROOT_CLASS = YES_ERROR;
				CLANG_WARN_QUOTED_INCLUDE_IN_FRAMEWORK_HEADER = YES;
				CLANG_WARN_RANGE_LOOP_ANALYSIS = YES;
				CLANG_WARN_STRICT_PROTOTYPES = YES;
				CLANG_WARN_SUSPICIOUS_MOVE = YES;
				CLANG_WARN_UNGUARDED_AVAILABILITY = YES_AGGRESSIVE;
				CLANG_WARN_UNREACHABLE_CODE = YES;
				CLANG_WARN__DUPLICATE_METHOD_MATCH = YES;
				COPY_PHASE_STRIP = NO;
				DEBUG_INFORMATION_FORMAT = "dwarf-with-dsym";
				ENABLE_NS_ASSERTIONS = NO;
				ENABLE_STRICT_OBJC_MSGSEND = YES;
				GCC_C_LANGUAGE_STANDARD = gnu11;
				GCC_NO_COMMON_BLOCKS = YES;
				GCC_WARN_64_TO_32_BIT_CONVERSION = YES;
				GCC_WARN_ABOUT_RETURN_TYPE = YES_ERROR;
				GCC_WARN_UNDECLARED_SELECTOR = YES;
				GCC_WARN_UNINITIALIZED_AUTOS = YES_AGGRESSIVE;
				GCC_WARN_UNUSED_FUNCTION = YES;
				GCC_WARN_UNUSED_VARIABLE = YES;
				IPHONEOS_DEPLOYMENT_TARGET = 14.4;
				MTL_ENABLE_DEBUG_INFO = NO;
				MTL_FAST_MATH = YES;
				SDKROOT = iphoneos;
				SWIFT_COMPILATION_MODE = wholemodule;
				SWIFT_OPTIMIZATION_LEVEL = "-O";
				VALIDATE_PRODUCT = YES;
			};
			name = Release;
		};
		362DB5A925FD11350021AF34 /* Debug */ = {
			isa = XCBuildConfiguration;
			buildSettings = {
				ASSETCATALOG_COMPILER_APPICON_NAME = AppIcon;
				ASSETCATALOG_COMPILER_GLOBAL_ACCENT_COLOR_NAME = AccentColor;
				CODE_SIGN_STYLE = Automatic;
				DEVELOPMENT_TEAM = B3WP3486F4;
				INFOPLIST_FILE = Technical/Info.plist;
				LD_RUNPATH_SEARCH_PATHS = (
					"$(inherited)",
					"@executable_path/Frameworks",
				);
				PRODUCT_BUNDLE_IDENTIFIER = com.CorasCode.Technical;
				PRODUCT_NAME = "$(TARGET_NAME)";
				SWIFT_VERSION = 5.0;
				TARGETED_DEVICE_FAMILY = "1,2";
			};
			name = Debug;
		};
		362DB5AA25FD11350021AF34 /* Release */ = {
			isa = XCBuildConfiguration;
			buildSettings = {
				ASSETCATALOG_COMPILER_APPICON_NAME = AppIcon;
				ASSETCATALOG_COMPILER_GLOBAL_ACCENT_COLOR_NAME = AccentColor;
				CODE_SIGN_STYLE = Automatic;
				DEVELOPMENT_TEAM = B3WP3486F4;
				INFOPLIST_FILE = Technical/Info.plist;
				LD_RUNPATH_SEARCH_PATHS = (
					"$(inherited)",
					"@executable_path/Frameworks",
				);
				PRODUCT_BUNDLE_IDENTIFIER = com.CorasCode.Technical;
				PRODUCT_NAME = "$(TARGET_NAME)";
				SWIFT_VERSION = 5.0;
				TARGETED_DEVICE_FAMILY = "1,2";
			};
			name = Release;
		};
/* End XCBuildConfiguration section */

/* Begin XCConfigurationList section */
		362DB58F25FD11340021AF34 /* Build configuration list for PBXProject "Technical" */ = {
			isa = XCConfigurationList;
			buildConfigurations = (
				362DB5A625FD11350021AF34 /* Debug */,
				362DB5A725FD11350021AF34 /* Release */,
			);
			defaultConfigurationIsVisible = 0;
			defaultConfigurationName = Release;
		};
		362DB5A825FD11350021AF34 /* Build configuration list for PBXNativeTarget "Technical" */ = {
			isa = XCConfigurationList;
			buildConfigurations = (
				362DB5A925FD11350021AF34 /* Debug */,
				362DB5AA25FD11350021AF34 /* Release */,
			);
			defaultConfigurationIsVisible = 0;
			defaultConfigurationName = Release;
		};
/* End XCConfigurationList section */
	};
	rootObject = 362DB58C25FD11340021AF34 /* Project object */;
}
